
Microsoft Visual Studio Solution File, Format Version 12.00
# Visual Studio Version 17
VisualStudioVersion = 17.6.33723.286
MinimumVisualStudioVersion = 10.0.40219.1
Project("{FAE04EC0-301F-11D3-BF4B-00C04F79EFBC}") = "QuanLyTrungTam", "QuanLyTrungTam\QuanLyTrungTam.csproj", "{C55BA87D-7FD1-4244-977E-A66A77FB1860}"
EndProject
Global
	GlobalSection(SolutionConfigurationPlatforms) = preSolution
		Debug|Any CPU = Debug|Any CPU
		Release|Any CPU = Release|Any CPU
	EndGlobalSection
	GlobalSection(ProjectConfigurationPlatforms) = postSolution
		{C55BA87D-7FD1-4244-977E-A66A77FB1860}.Debug|Any CPU.ActiveCfg = Debug|Any CPU
		{C55BA87D-7FD1-4244-977E-A66A77FB1860}.Debug|Any CPU.Build.0 = Debug|Any CPU
		{C55BA87D-7FD1-4244-977E-A66A77FB1860}.Release|Any CPU.ActiveCfg = Release|Any CPU
		{C55BA87D-7FD1-4244-977E-A66A77FB1860}.Release|Any CPU.Build.0 = Release|Any CPU
	EndGlobalSection
	GlobalSection(SolutionProperties) = preSolution
		HideSolutionNode = FALSE
	EndGlobalSection
	GlobalSection(ExtensibilityGlobals) = postSolution
		SolutionGuid = {680FB5B4-1E09-498F-98ED-DFD39EF18F28}
	EndGlobalSection
EndGlobal
